// !$*UTF8*$!
{
	archiveVersion = 1;
	classes = {
	};
	objectVersion = 56;
	objects = {

/* Begin PBXBuildFile section */
		67521C8BD9631C15EBDC78EF /* Pods_LBObservablePropertyExample.framework in Frameworks */ = {isa = PBXBuildFile; fileRef = DBAFB85E6FB0E63503477D68 /* Pods_LBObservablePropertyExample.framework */; };
		BE5139642B1F18E1004D19C1 /* AppDelegate.swift in Sources */ = {isa = PBXBuildFile; fileRef = BE5139632B1F18E1004D19C1 /* AppDelegate.swift */; };
		BE5139662B1F18E1004D19C1 /* SceneDelegate.swift in Sources */ = {isa = PBXBuildFile; fileRef = BE5139652B1F18E1004D19C1 /* SceneDelegate.swift */; };
		BE5139682B1F18E1004D19C1 /* ViewController.swift in Sources */ = {isa = PBXBuildFile; fileRef = BE5139672B1F18E1004D19C1 /* ViewController.swift */; };
		BE51396B2B1F18E1004D19C1 /* Main.storyboard in Resources */ = {isa = PBXBuildFile; fileRef = BE5139692B1F18E1004D19C1 /* Main.storyboard */; };
		BE51396D2B1F18E1004D19C1 /* Assets.xcassets in Resources */ = {isa = PBXBuildFile; fileRef = BE51396C2B1F18E1004D19C1 /* Assets.xcassets */; };
		BE5139702B1F18E1004D19C1 /* LaunchScreen.storyboard in Resources */ = {isa = PBXBuildFile; fileRef = BE51396E2B1F18E1004D19C1 /* LaunchScreen.storyboard */; };
/* End PBXBuildFile section */

/* Begin PBXFileReference section */
		56D188A4A7AF103B3A01EB5B /* Pods-LBObservablePropertyExample.release.xcconfig */ = {isa = PBXFileReference; includeInIndex = 1; lastKnownFileType = text.xcconfig; name = "Pods-LBObservablePropertyExample.release.xcconfig"; path = "Target Support Files/Pods-LBObservablePropertyExample/Pods-LBObservablePropertyExample.release.xcconfig"; sourceTree = "<group>"; };
		78E038C361D1DFFB010F70E2 /* Pods-LBObservablePropertyExample.debug.xcconfig */ = {isa = PBXFileReference; includeInIndex = 1; lastKnownFileType = text.xcconfig; name = "Pods-LBObservablePropertyExample.debug.xcconfig"; path = "Target Support Files/Pods-LBObservablePropertyExample/Pods-LBObservablePropertyExample.debug.xcconfig"; sourceTree = "<group>"; };
		BE5139602B1F18E1004D19C1 /* LBObservablePropertyExample.app */ = {isa = PBXFileReference; explicitFileType = wrapper.application; includeInIndex = 0; path = LBObservablePropertyExample.app; sourceTree = BUILT_PRODUCTS_DIR; };
		BE5139632B1F18E1004D19C1 /* AppDelegate.swift */ = {isa = PBXFileReference; lastKnownFileType = sourcecode.swift; path = AppDelegate.swift; sourceTree = "<group>"; };
		BE5139652B1F18E1004D19C1 /* SceneDelegate.swift */ = {isa = PBXFileReference; lastKnownFileType = sourcecode.swift; path = SceneDelegate.swift; sourceTree = "<group>"; };
		BE5139672B1F18E1004D19C1 /* ViewController.swift */ = {isa = PBXFileReference; lastKnownFileType = sourcecode.swift; path = ViewController.swift; sourceTree = "<group>"; };
		BE51396A2B1F18E1004D19C1 /* Base */ = {isa = PBXFileReference; lastKnownFileType = file.storyboard; name = Base; path = Base.lproj/Main.storyboard; sourceTree = "<group>"; };
		BE51396C2B1F18E1004D19C1 /* Assets.xcassets */ = {isa = PBXFileReference; lastKnownFileType = folder.assetcatalog; path = Assets.xcassets; sourceTree = "<group>"; };
		BE51396F2B1F18E1004D19C1 /* Base */ = {isa = PBXFileReference; lastKnownFileType = file.storyboard; name = Base; path = Base.lproj/LaunchScreen.storyboard; sourceTree = "<group>"; };
		BE5139712B1F18E1004D19C1 /* Info.plist */ = {isa = PBXFileReference; lastKnownFileType = text.plist.xml; path = Info.plist; sourceTree = "<group>"; };
		DBAFB85E6FB0E63503477D68 /* Pods_LBObservablePropertyExample.framework */ = {isa = PBXFileReference; explicitFileType = wrapper.framework; includeInIndex = 0; path = Pods_LBObservablePropertyExample.framework; sourceTree = BUILT_PRODUCTS_DIR; };
/* End PBXFileReference section */

/* Begin PBXFrameworksBuildPhase section */
		BE51395D2B1F18E1004D19C1 /* Frameworks */ = {
			isa = PBXFrameworksBuildPhase;
			buildActionMask = 2147483647;
			files = (
				67521C8BD9631C15EBDC78EF /* Pods_LBObservablePropertyExample.framework in Frameworks */,
			);
			runOnlyForDeploymentPostprocessing = 0;
		};
/* End PBXFrameworksBuildPhase section */

/* Begin PBXGroup section */
		877C04DB9C95D3D2AF3F6142 /* Pods */ = {
			isa = PBXGroup;
			children = (
				78E038C361D1DFFB010F70E2 /* Pods-LBObservablePropertyExample.debug.xcconfig */,
				56D188A4A7AF103B3A01EB5B /* Pods-LBObservablePropertyExample.release.xcconfig */,
			);
			path = Pods;
			sourceTree = "<group>";
		};
		BE5139572B1F18E1004D19C1 = {
			isa = PBXGroup;
			children = (
				BE5139622B1F18E1004D19C1 /* LBObservablePropertyExample */,
				BE5139612B1F18E1004D19C1 /* Products */,
				877C04DB9C95D3D2AF3F6142 /* Pods */,
				F80F243BD08A3C2CBFE46A2A /* Frameworks */,
			);
			sourceTree = "<group>";
		};
		BE5139612B1F18E1004D19C1 /* Products */ = {
			isa = PBXGroup;
			children = (
				BE5139602B1F18E1004D19C1 /* LBObservablePropertyExample.app */,
			);
			name = Products;
			sourceTree = "<group>";
		};
		BE5139622B1F18E1004D19C1 /* LBObservablePropertyExample */ = {
			isa = PBXGroup;
			children = (
				BE5139712B1F18E1004D19C1 /* Info.plist */,
				BE5139692B1F18E1004D19C1 /* Main.storyboard */,
				BE51396C2B1F18E1004D19C1 /* Assets.xcassets */,
				BE5139632B1F18E1004D19C1 /* AppDelegate.swift */,
				BE5139652B1F18E1004D19C1 /* SceneDelegate.swift */,
				BE5139672B1F18E1004D19C1 /* ViewController.swift */,
				BE51396E2B1F18E1004D19C1 /* LaunchScreen.storyboard */,
			);
			path = LBObservablePropertyExample;
			sourceTree = "<group>";
		};
		F80F243BD08A3C2CBFE46A2A /* Frameworks */ = {
			isa = PBXGroup;
			children = (
				DBAFB85E6FB0E63503477D68 /* Pods_LBObservablePropertyExample.framework */,
			);
			name = Frameworks;
			sourceTree = "<group>";
		};
/* End PBXGroup section */

/* Begin PBXNativeTarget section */
		BE51395F2B1F18E1004D19C1 /* LBObservablePropertyExample */ = {
			isa = PBXNativeTarget;
			buildConfigurationList = BE5139742B1F18E1004D19C1 /* Build configuration list for PBXNativeTarget "LBObservablePropertyExample" */;
			buildPhases = (
				2A0B66DAF6CAA375F0B68D42 /* [CP] Check Pods Manifest.lock */,
				BE51395C2B1F18E1004D19C1 /* Sources */,
				BE51395D2B1F18E1004D19C1 /* Frameworks */,
				BE51395E2B1F18E1004D19C1 /* Resources */,
				B32B1938B1A44EFB70690F07 /* [CP] Embed Pods Frameworks */,
			);
			buildRules = (
			);
			dependencies = (
			);
			name = LBObservablePropertyExample;
			productName = LBObservablePropertyExample;
			productReference = BE5139602B1F18E1004D19C1 /* LBObservablePropertyExample.app */;
			productType = "com.apple.product-type.application";
		};
/* End PBXNativeTarget section */

/* Begin PBXProject section */
		BE5139582B1F18E1004D19C1 /* Project object */ = {
			isa = PBXProject;
			attributes = {
				BuildIndependentTargetsInParallel = 1;
				LastSwiftUpdateCheck = 1500;
				LastUpgradeCheck = 1500;
				TargetAttributes = {
					BE51395F2B1F18E1004D19C1 = {
						CreatedOnToolsVersion = 15.0.1;
					};
				};
			};
			buildConfigurationList = BE51395B2B1F18E1004D19C1 /* Build configuration list for PBXProject "LBObservablePropertyExample" */;
			compatibilityVersion = "Xcode 14.0";
			developmentRegion = en;
			hasScannedForEncodings = 0;
			knownRegions = (
				en,
				Base,
			);
			mainGroup = BE5139572B1F18E1004D19C1;
			productRefGroup = BE5139612B1F18E1004D19C1 /* Products */;
			projectDirPath = "";
			projectRoot = "";
			targets = (
				BE51395F2B1F18E1004D19C1 /* LBObservablePropertyExample */,
			);
		};
/* End PBXProject section */

/* Begin PBXResourcesBuildPhase section */
		BE51395E2B1F18E1004D19C1 /* Resources */ = {
			isa = PBXResourcesBuildPhase;
			buildActionMask = 2147483647;
			files = (
				BE5139702B1F18E1004D19C1 /* LaunchScreen.storyboard in Resources */,
				BE51396D2B1F18E1004D19C1 /* Assets.xcassets in Resources */,
				BE51396B2B1F18E1004D19C1 /* Main.storyboard in Resources */,
			);
			runOnlyForDeploymentPostprocessing = 0;
		};
/* End PBXResourcesBuildPhase section */

/* Begin PBXShellScriptBuildPhase section */
		2A0B66DAF6CAA375F0B68D42 /* [CP] Check Pods Manifest.lock */ = {
			isa = PBXShellScriptBuildPhase;
			buildActionMask = 2147483647;
			files = (
			);
			inputFileListPaths = (
			);
			inputPaths = (
				"${PODS_PODFILE_DIR_PATH}/Podfile.lock",
				"${PODS_ROOT}/Manifest.lock",
			);
			name = "[CP] Check Pods Manifest.lock";
			outputFileListPaths = (
			);
			outputPaths = (
				"$(DERIVED_FILE_DIR)/Pods-LBObservablePropertyExample-checkManifestLockResult.txt",
			);
			runOnlyForDeploymentPostprocessing = 0;
			shellPath = /bin/sh;
			shellScript = "diff \"${PODS_PODFILE_DIR_PATH}/Podfile.lock\" \"${PODS_ROOT}/Manifest.lock\" > /dev/null\nif [ $? != 0 ] ; then\n    # print error to STDERR\n    echo \"error: The sandbox is not in sync with the Podfile.lock. Run 'pod install' or update your CocoaPods installation.\" >&2\n    exit 1\nfi\n# This output is used by Xcode 'outputs' to avoid re-running this script phase.\necho \"SUCCESS\" > \"${SCRIPT_OUTPUT_FILE_0}\"\n";
			showEnvVarsInLog = 0;
		};
		B32B1938B1A44EFB70690F07 /* [CP] Embed Pods Frameworks */ = {
			isa = PBXShellScriptBuildPhase;
			buildActionMask = 2147483647;
			files = (
			);
			inputFileListPaths = (
				"${PODS_ROOT}/Target Support Files/Pods-LBObservablePropertyExample/Pods-LBObservablePropertyExample-frameworks-${CONFIGURATION}-input-files.xcfilelist",
			);
			name = "[CP] Embed Pods Frameworks";
			outputFileListPaths = (
				"${PODS_ROOT}/Target Support Files/Pods-LBObservablePropertyExample/Pods-LBObservablePropertyExample-frameworks-${CONFIGURATION}-output-files.xcfilelist",
			);
			runOnlyForDeploymentPostprocessing = 0;
			shellPath = /bin/sh;
			shellScript = "\"${PODS_ROOT}/Target Support Files/Pods-LBObservablePropertyExample/Pods-LBObservablePropertyExample-frameworks.sh\"\n";
			showEnvVarsInLog = 0;
		};
/* End PBXShellScriptBuildPhase section */

/* Begin PBXSourcesBuildPhase section */
		BE51395C2B1F18E1004D19C1 /* Sources */ = {
			isa = PBXSourcesBuildPhase;
			buildActionMask = 2147483647;
			files = (
				BE5139682B1F18E1004D19C1 /* ViewController.swift in Sources */,
				BE5139642B1F18E1004D19C1 /* AppDelegate.swift in Sources */,
				BE5139662B1F18E1004D19C1 /* SceneDelegate.swift in Sources */,
			);
			runOnlyForDeploymentPostprocessing = 0;
		};
/* End PBXSourcesBuildPhase section */

/* Begin PBXVariantGroup section */
		BE5139692B1F18E1004D19C1 /* Main.storyboard */ = {
			isa = PBXVariantGroup;
			children = (
				BE51396A2B1F18E1004D19C1 /* Base */,
			);
			name = Main.storyboard;
			sourceTree = "<group>";
		};
		BE51396E2B1F18E1004D19C1 /* LaunchScreen.storyboard */ = {
			isa = PBXVariantGroup;
			children = (
				BE51396F2B1F18E1004D19C1 /* Base */,
			);
			name = LaunchScreen.storyboard;
			sourceTree = "<group>";
		};
/* End PBXVariantGroup section */

/* Begin XCBuildConfiguration section */
		BE5139722B1F18E1004D19C1 /* Debug */ = {
			isa = XCBuildConfiguration;
			buildSettings = {
				ALWAYS_SEARCH_USER_PATHS = NO;
				ASSETCATALOG_COMPILER_GENERATE_SWIFT_ASSET_SYMBOL_EXTENSIONS = YES;
				CLANG_ANALYZER_NONNULL = YES;
				CLANG_ANALYZER_NUMBER_OBJECT_CONVERSION = YES_AGGRESSIVE;
				CLANG_CXX_LANGUAGE_STANDARD = "gnu++20";
				CLANG_ENABLE_MODULES = YES;
				CLANG_ENABLE_OBJC_ARC = YES;
				CLANG_ENABLE_OBJC_WEAK = YES;
				CLANG_WARN_BLOCK_CAPTURE_AUTORELEASING = YES;
				CLANG_WARN_BOOL_CONVERSION = YES;
				CLANG_WARN_COMMA = YES;
				CLANG_WARN_CONSTANT_CONVERSION = YES;
				CLANG_WARN_DEPRECATED_OBJC_IMPLEMENTATIONS = YES;
				CLANG_WARN_DIRECT_OBJC_ISA_USAGE = YES_ERROR;
				CLANG_WARN_DOCUMENTATION_COMMENTS = YES;
				CLANG_WARN_EMPTY_BODY = YES;
				CLANG_WARN_ENUM_CONVERSION = YES;
				CLANG_WARN_INFINITE_RECURSION = YES;
				CLANG_WARN_INT_CONVERSION = YES;
				CLANG_WARN_NON_LITERAL_NULL_CONVERSION = YES;
				CLANG_WARN_OBJC_IMPLICIT_RETAIN_SELF = YES;
				CLANG_WARN_OBJC_LITERAL_CONVERSION = YES;
				CLANG_WARN_OBJC_ROOT_CLASS = YES_ERROR;
				CLANG_WARN_QUOTED_INCLUDE_IN_FRAMEWORK_HEADER = YES;
				CLANG_WARN_RANGE_LOOP_ANALYSIS = YES;
				CLANG_WARN_STRICT_PROTOTYPES = YES;
				CLANG_WARN_SUSPICIOUS_MOVE = YES;
				CLANG_WARN_UNGUARDED_AVAILABILITY = YES_AGGRESSIVE;
				CLANG_WARN_UNREACHABLE_CODE = YES;
				CLANG_WARN__DUPLICATE_METHOD_MATCH = YES;
				COPY_PHASE_STRIP = NO;
				DEBUG_INFORMATION_FORMAT = dwarf;
				ENABLE_STRICT_OBJC_MSGSEND = YES;
				ENABLE_TESTABILITY = YES;
				ENABLE_USER_SCRIPT_SANDBOXING = YES;
				GCC_C_LANGUAGE_STANDARD = gnu17;
				GCC_DYNAMIC_NO_PIC = NO;
				GCC_NO_COMMON_BLOCKS = YES;
				GCC_OPTIMIZATION_LEVEL = 0;
				GCC_PREPROCESSOR_DEFINITIONS = (
					"DEBUG=1",
					"$(inherited)",
				);
				GCC_WARN_64_TO_32_BIT_CONVERSION = YES;
				GCC_WARN_ABOUT_RETURN_TYPE = YES_ERROR;
				GCC_WARN_UNDECLARED_SELECTOR = YES;
				GCC_WARN_UNINITIALIZED_AUTOS = YES_AGGRESSIVE;
				GCC_WARN_UNUSED_FUNCTION = YES;
				GCC_WARN_UNUSED_VARIABLE = YES;
				IPHONEOS_DEPLOYMENT_TARGET = 17.0;
				LOCALIZATION_PREFERS_STRING_CATALOGS = YES;
				MTL_ENABLE_DEBUG_INFO = INCLUDE_SOURCE;
				MTL_FAST_MATH = YES;
				ONLY_ACTIVE_ARCH = YES;
				SDKROOT = iphoneos;
				SWIFT_ACTIVE_COMPILATION_CONDITIONS = "DEBUG $(inherited)";
				SWIFT_OPTIMIZATION_LEVEL = "-Onone";
			};
			name = Debug;
		};
		BE5139732B1F18E1004D19C1 /* Release */ = {
			isa = XCBuildConfiguration;
			buildSettings = {
				ALWAYS_SEARCH_USER_PATHS = NO;
				ASSETCATALOG_COMPILER_GENERATE_SWIFT_ASSET_SYMBOL_EXTENSIONS = YES;
				CLANG_ANALYZER_NONNULL = YES;
				CLANG_ANALYZER_NUMBER_OBJECT_CONVERSION = YES_AGGRESSIVE;
				CLANG_CXX_LANGUAGE_STANDARD = "gnu++20";
				CLANG_ENABLE_MODULES = YES;
				CLANG_ENABLE_OBJC_ARC = YES;
				CLANG_ENABLE_OBJC_WEAK = YES;
				CLANG_WARN_BLOCK_CAPTURE_AUTORELEASING = YES;
				CLANG_WARN_BOOL_CONVERSION = YES;
				CLANG_WARN_COMMA = YES;
				CLANG_WARN_CONSTANT_CONVERSION = YES;
				CLANG_WARN_DEPRECATED_OBJC_IMPLEMENTATIONS = YES;
				CLANG_WARN_DIRECT_OBJC_ISA_USAGE = YES_ERROR;
				CLANG_WARN_DOCUMENTATION_COMMENTS = YES;
				CLANG_WARN_EMPTY_BODY = YES;
				CLANG_WARN_ENUM_CONVERSION = YES;
				CLANG_WARN_INFINITE_RECURSION = YES;
				CLANG_WARN_INT_CONVERSION = YES;
				CLANG_WARN_NON_LITERAL_NULL_CONVERSION = YES;
				CLANG_WARN_OBJC_IMPLICIT_RETAIN_SELF = YES;
				CLANG_WARN_OBJC_LITERAL_CONVERSION = YES;
				CLANG_WARN_OBJC_ROOT_CLASS = YES_ERROR;
				CLANG_WARN_QUOTED_INCLUDE_IN_FRAMEWORK_HEADER = YES;
				CLANG_WARN_RANGE_LOOP_ANALYSIS = YES;
				CLANG_WARN_STRICT_PROTOTYPES = YES;
				CLANG_WARN_SUSPICIOUS_MOVE = YES;
				CLANG_WARN_UNGUARDED_AVAILABILITY = YES_AGGRESSIVE;
				CLANG_WARN_UNREACHABLE_CODE = YES;
				CLANG_WARN__DUPLICATE_METHOD_MATCH = YES;
				COPY_PHASE_STRIP = NO;
				DEBUG_INFORMATION_FORMAT = "dwarf-with-dsym";
				ENABLE_NS_ASSERTIONS = NO;
				ENABLE_STRICT_OBJC_MSGSEND = YES;
				ENABLE_USER_SCRIPT_SANDBOXING = YES;
				GCC_C_LANGUAGE_STANDARD = gnu17;
				GCC_NO_COMMON_BLOCKS = YES;
				GCC_WARN_64_TO_32_BIT_CONVERSION = YES;
				GCC_WARN_ABOUT_RETURN_TYPE = YES_ERROR;
				GCC_WARN_UNDECLARED_SELECTOR = YES;
				GCC_WARN_UNINITIALIZED_AUTOS = YES_AGGRESSIVE;
				GCC_WARN_UNUSED_FUNCTION = YES;
				GCC_WARN_UNUSED_VARIABLE = YES;
				IPHONEOS_DEPLOYMENT_TARGET = 17.0;
				LOCALIZATION_PREFERS_STRING_CATALOGS = YES;
				MTL_ENABLE_DEBUG_INFO = NO;
				MTL_FAST_MATH = YES;
				SDKROOT = iphoneos;
				SWIFT_COMPILATION_MODE = wholemodule;
				VALIDATE_PRODUCT = YES;
			};
			name = Release;
		};
		BE5139752B1F18E1004D19C1 /* Debug */ = {
			isa = XCBuildConfiguration;
			baseConfigurationReference = 78E038C361D1DFFB010F70E2 /* Pods-LBObservablePropertyExample.debug.xcconfig */;
			buildSettings = {
				ASSETCATALOG_COMPILER_APPICON_NAME = AppIcon;
				ASSETCATALOG_COMPILER_GLOBAL_ACCENT_COLOR_NAME = AccentColor;
				CODE_SIGN_STYLE = Automatic;
				CURRENT_PROJECT_VERSION = 1;
				DEVELOPMENT_TEAM = SVA96ZC7GV;
				ENABLE_USER_SCRIPT_SANDBOXING = NO;
				GENERATE_INFOPLIST_FILE = YES;
				INFOPLIST_FILE = LBObservablePropertyExample/Info.plist;
				INFOPLIST_KEY_UIApplicationSupportsIndirectInputEvents = YES;
				INFOPLIST_KEY_UILaunchStoryboardName = LaunchScreen;
				INFOPLIST_KEY_UIMainStoryboardFile = Main;
				INFOPLIST_KEY_UISupportedInterfaceOrientations_iPad = "UIInterfaceOrientationPortrait UIInterfaceOrientationPortraitUpsideDown UIInterfaceOrientationLandscapeLeft UIInterfaceOrientationLandscapeRight";
				INFOPLIST_KEY_UISupportedInterfaceOrientations_iPhone = "UIInterfaceOrientationPortrait UIInterfaceOrientationLandscapeLeft UIInterfaceOrientationLandscapeRight";
				IPHONEOS_DEPLOYMENT_TARGET = 14.0;
				LD_RUNPATH_SEARCH_PATHS = (
					"$(inherited)",
					"@executable_path/Frameworks",
				);
				MARKETING_VERSION = 1.0;
				PRODUCT_BUNDLE_IDENTIFIER = lioz.balki.com.LBObservablePropertyExample;
				PRODUCT_NAME = "$(TARGET_NAME)";
				SWIFT_EMIT_LOC_STRINGS = YES;
				SWIFT_VERSION = 5.0;
				TARGETED_DEVICE_FAMILY = "1,2";
			};
			name = Debug;
		};
		BE5139762B1F18E1004D19C1 /* Release */ = {
			isa = XCBuildConfiguration;
			baseConfigurationReference = 56D188A4A7AF103B3A01EB5B /* Pods-LBObservablePropertyExample.release.xcconfig */;
			buildSettings = {
				ASSETCATALOG_COMPILER_APPICON_NAME = AppIcon;
				ASSETCATALOG_COMPILER_GLOBAL_ACCENT_COLOR_NAME = AccentColor;
				CODE_SIGN_STYLE = Automatic;
				CURRENT_PROJECT_VERSION = 1;
				DEVELOPMENT_TEAM = SVA96ZC7GV;
				ENABLE_USER_SCRIPT_SANDBOXING = NO;
				GENERATE_INFOPLIST_FILE = YES;
				INFOPLIST_FILE = LBObservablePropertyExample/Info.plist;
				INFOPLIST_KEY_UIApplicationSupportsIndirectInputEvents = YES;
				INFOPLIST_KEY_UILaunchStoryboardName = LaunchScreen;
				INFOPLIST_KEY_UIMainStoryboardFile = Main;
				INFOPLIST_KEY_UISupportedInterfaceOrientations_iPad = "UIInterfaceOrientationPortrait UIInterfaceOrientationPortraitUpsideDown UIInterfaceOrientationLandscapeLeft UIInterfaceOrientationLandscapeRight";
				INFOPLIST_KEY_UISupportedInterfaceOrientations_iPhone = "UIInterfaceOrientationPortrait UIInterfaceOrientationLandscapeLeft UIInterfaceOrientationLandscapeRight";
				IPHONEOS_DEPLOYMENT_TARGET = 14.0;
				LD_RUNPATH_SEARCH_PATHS = (
					"$(inherited)",
					"@executable_path/Frameworks",
				);
				MARKETING_VERSION = 1.0;
				PRODUCT_BUNDLE_IDENTIFIER = lioz.balki.com.LBObservablePropertyExample;
				PRODUCT_NAME = "$(TARGET_NAME)";
				SWIFT_EMIT_LOC_STRINGS = YES;
				SWIFT_VERSION = 5.0;
				TARGETED_DEVICE_FAMILY = "1,2";
			};
			name = Release;
		};
/* End XCBuildConfiguration section */

/* Begin XCConfigurationList section */
		BE51395B2B1F18E1004D19C1 /* Build configuration list for PBXProject "LBObservablePropertyExample" */ = {
			isa = XCConfigurationList;
			buildConfigurations = (
				BE5139722B1F18E1004D19C1 /* Debug */,
				BE5139732B1F18E1004D19C1 /* Release */,
			);
			defaultConfigurationIsVisible = 0;
			defaultConfigurationName = Release;
		};
		BE5139742B1F18E1004D19C1 /* Build configuration list for PBXNativeTarget "LBObservablePropertyExample" */ = {
			isa = XCConfigurationList;
			buildConfigurations = (
				BE5139752B1F18E1004D19C1 /* Debug */,
				BE5139762B1F18E1004D19C1 /* Release */,
			);
			defaultConfigurationIsVisible = 0;
			defaultConfigurationName = Release;
		};
/* End XCConfigurationList section */
	};
	rootObject = BE5139582B1F18E1004D19C1 /* Project object */;
}
